
Microsoft Visual Studio Solution File, Format Version 12.00
# Visual Studio Version 17
VisualStudioVersion = 17.1.32210.238
MinimumVisualStudioVersion = 10.0.40219.1
Project("{FAE04EC0-301F-11D3-BF4B-00C04F79EFBC}") = "Xadrez", "Xadrez\Xadrez.csproj", "{114C72EB-B40F-4525-BAF8-2A1E88837BAF}"
EndProject
Global
	GlobalSection(SolutionConfigurationPlatforms) = preSolution
		Debug|Any CPU = Debug|Any CPU
		Release|Any CPU = Release|Any CPU
	EndGlobalSection
	GlobalSection(ProjectConfigurationPlatforms) = postSolution
		{114C72EB-B40F-4525-BAF8-2A1E88837BAF}.Debug|Any CPU.ActiveCfg = Debug|Any CPU
		{114C72EB-B40F-4525-BAF8-2A1E88837BAF}.Debug|Any CPU.Build.0 = Debug|Any CPU
		{114C72EB-B40F-4525-BAF8-2A1E88837BAF}.Release|Any CPU.ActiveCfg = Release|Any CPU
		{114C72EB-B40F-4525-BAF8-2A1E88837BAF}.Release|Any CPU.Build.0 = Release|Any CPU
	EndGlobalSection
	GlobalSection(SolutionProperties) = preSolution
		HideSolutionNode = FALSE
	EndGlobalSection
	GlobalSection(ExtensibilityGlobals) = postSolution
		SolutionGuid = {48554293-176F-4E34-8A24-4FE2764968A4}
	EndGlobalSection
EndGlobal
